// !$*UTF8*$!
{
	archiveVersion = 1;
	classes = {
	};
	objectVersion = 50;
	objects = {

/* Begin PBXBuildFile section */
		73CCB51621805BE700403BD3 /* AppDelegate.m in Sources */ = {isa = PBXBuildFile; fileRef = 73CCB51521805BE700403BD3 /* AppDelegate.m */; };
		73CCB51921805BE700403BD3 /* ViewController.m in Sources */ = {isa = PBXBuildFile; fileRef = 73CCB51821805BE700403BD3 /* ViewController.m */; };
		73CCB51C21805BE700403BD3 /* Main.storyboard in Resources */ = {isa = PBXBuildFile; fileRef = 73CCB51A21805BE700403BD3 /* Main.storyboard */; };
		73CCB51E21805BE800403BD3 /* Assets.xcassets in Resources */ = {isa = PBXBuildFile; fileRef = 73CCB51D21805BE800403BD3 /* Assets.xcassets */; };
		73CCB52121805BE800403BD3 /* LaunchScreen.storyboard in Resources */ = {isa = PBXBuildFile; fileRef = 73CCB51F21805BE800403BD3 /* LaunchScreen.storyboard */; };
		73CCB52421805BE800403BD3 /* main.m in Sources */ = {isa = PBXBuildFile; fileRef = 73CCB52321805BE800403BD3 /* main.m */; };
		73CCB52C21805C0F00403BD3 /* CTMediator.m in Sources */ = {isa = PBXBuildFile; fileRef = 73CCB52B21805C0F00403BD3 /* CTMediator.m */; };
		73CCB5332180749900403BD3 /* ShopViewController.m in Sources */ = {isa = PBXBuildFile; fileRef = 73CCB5322180749900403BD3 /* ShopViewController.m */; };
		73CCB5362180758D00403BD3 /* TargetShop.m in Sources */ = {isa = PBXBuildFile; fileRef = 73CCB5352180758D00403BD3 /* TargetShop.m */; };
		73CCB5392180768D00403BD3 /* CTMediator+Shop.m in Sources */ = {isa = PBXBuildFile; fileRef = 73CCB5382180768D00403BD3 /* CTMediator+Shop.m */; };
/* End PBXBuildFile section */

/* Begin PBXFileReference section */
		73CCB51121805BE700403BD3 /* MGJRouter.app */ = {isa = PBXFileReference; explicitFileType = wrapper.application; includeInIndex = 0; path = MGJRouter.app; sourceTree = BUILT_PRODUCTS_DIR; };
		73CCB51421805BE700403BD3 /* AppDelegate.h */ = {isa = PBXFileReference; lastKnownFileType = sourcecode.c.h; path = AppDelegate.h; sourceTree = "<group>"; };
		73CCB51521805BE700403BD3 /* AppDelegate.m */ = {isa = PBXFileReference; lastKnownFileType = sourcecode.c.objc; path = AppDelegate.m; sourceTree = "<group>"; };
		73CCB51721805BE700403BD3 /* ViewController.h */ = {isa = PBXFileReference; lastKnownFileType = sourcecode.c.h; path = ViewController.h; sourceTree = "<group>"; };
		73CCB51821805BE700403BD3 /* ViewController.m */ = {isa = PBXFileReference; lastKnownFileType = sourcecode.c.objc; path = ViewController.m; sourceTree = "<group>"; };
		73CCB51B21805BE700403BD3 /* Base */ = {isa = PBXFileReference; lastKnownFileType = file.storyboard; name = Base; path = Base.lproj/Main.storyboard; sourceTree = "<group>"; };
		73CCB51D21805BE800403BD3 /* Assets.xcassets */ = {isa = PBXFileReference; lastKnownFileType = folder.assetcatalog; path = Assets.xcassets; sourceTree = "<group>"; };
		73CCB52021805BE800403BD3 /* Base */ = {isa = PBXFileReference; lastKnownFileType = file.storyboard; name = Base; path = Base.lproj/LaunchScreen.storyboard; sourceTree = "<group>"; };
		73CCB52221805BE800403BD3 /* Info.plist */ = {isa = PBXFileReference; lastKnownFileType = text.plist.xml; path = Info.plist; sourceTree = "<group>"; };
		73CCB52321805BE800403BD3 /* main.m */ = {isa = PBXFileReference; lastKnownFileType = sourcecode.c.objc; path = main.m; sourceTree = "<group>"; };
		73CCB52A21805C0F00403BD3 /* CTMediator.h */ = {isa = PBXFileReference; lastKnownFileType = sourcecode.c.h; path = CTMediator.h; sourceTree = "<group>"; };
		73CCB52B21805C0F00403BD3 /* CTMediator.m */ = {isa = PBXFileReference; lastKnownFileType = sourcecode.c.objc; path = CTMediator.m; sourceTree = "<group>"; };
		73CCB5312180749900403BD3 /* ShopViewController.h */ = {isa = PBXFileReference; lastKnownFileType = sourcecode.c.h; path = ShopViewController.h; sourceTree = "<group>"; };
		73CCB5322180749900403BD3 /* ShopViewController.m */ = {isa = PBXFileReference; lastKnownFileType = sourcecode.c.objc; path = ShopViewController.m; sourceTree = "<group>"; };
		73CCB5342180758D00403BD3 /* TargetShop.h */ = {isa = PBXFileReference; lastKnownFileType = sourcecode.c.h; path = TargetShop.h; sourceTree = "<group>"; };
		73CCB5352180758D00403BD3 /* TargetShop.m */ = {isa = PBXFileReference; lastKnownFileType = sourcecode.c.objc; path = TargetShop.m; sourceTree = "<group>"; };
		73CCB5372180768D00403BD3 /* CTMediator+Shop.h */ = {isa = PBXFileReference; lastKnownFileType = sourcecode.c.h; path = "CTMediator+Shop.h"; sourceTree = "<group>"; };
		73CCB5382180768D00403BD3 /* CTMediator+Shop.m */ = {isa = PBXFileReference; lastKnownFileType = sourcecode.c.objc; path = "CTMediator+Shop.m"; sourceTree = "<group>"; };
/* End PBXFileReference section */

/* Begin PBXFrameworksBuildPhase section */
		73CCB50E21805BE700403BD3 /* Frameworks */ = {
			isa = PBXFrameworksBuildPhase;
			buildActionMask = 2147483647;
			files = (
			);
			runOnlyForDeploymentPostprocessing = 0;
		};
/* End PBXFrameworksBuildPhase section */

/* Begin PBXGroup section */
		73CCB50821805BE700403BD3 = {
			isa = PBXGroup;
			children = (
				73CCB51321805BE700403BD3 /* MGJRouter */,
				73CCB51221805BE700403BD3 /* Products */,
			);
			sourceTree = "<group>";
		};
		73CCB51221805BE700403BD3 /* Products */ = {
			isa = PBXGroup;
			children = (
				73CCB51121805BE700403BD3 /* MGJRouter.app */,
			);
			name = Products;
			sourceTree = "<group>";
		};
		73CCB51321805BE700403BD3 /* MGJRouter */ = {
			isa = PBXGroup;
			children = (
				73CCB52D2180748300403BD3 /* shopModule */,
				73CCB51421805BE700403BD3 /* AppDelegate.h */,
				73CCB51521805BE700403BD3 /* AppDelegate.m */,
				73CCB51721805BE700403BD3 /* ViewController.h */,
				73CCB51821805BE700403BD3 /* ViewController.m */,
				73CCB52A21805C0F00403BD3 /* CTMediator.h */,
				73CCB52B21805C0F00403BD3 /* CTMediator.m */,
				73CCB51A21805BE700403BD3 /* Main.storyboard */,
				73CCB51D21805BE800403BD3 /* Assets.xcassets */,
				73CCB51F21805BE800403BD3 /* LaunchScreen.storyboard */,
				73CCB52221805BE800403BD3 /* Info.plist */,
				73CCB52321805BE800403BD3 /* main.m */,
			);
			path = MGJRouter;
			sourceTree = "<group>";
		};
		73CCB52D2180748300403BD3 /* shopModule */ = {
			isa = PBXGroup;
			children = (
				73CCB52E2180748300403BD3 /* Target */,
				73CCB52F2180748300403BD3 /* VC */,
				73CCB5302180748300403BD3 /* Categoty */,
			);
			path = shopModule;
			sourceTree = "<group>";
		};
		73CCB52E2180748300403BD3 /* Target */ = {
			isa = PBXGroup;
			children = (
				73CCB5342180758D00403BD3 /* TargetShop.h */,
				73CCB5352180758D00403BD3 /* TargetShop.m */,
			);
			path = Target;
			sourceTree = "<group>";
		};
		73CCB52F2180748300403BD3 /* VC */ = {
			isa = PBXGroup;
			children = (
				73CCB5312180749900403BD3 /* ShopViewController.h */,
				73CCB5322180749900403BD3 /* ShopViewController.m */,
			);
			path = VC;
			sourceTree = "<group>";
		};
		73CCB5302180748300403BD3 /* Categoty */ = {
			isa = PBXGroup;
			children = (
				73CCB5372180768D00403BD3 /* CTMediator+Shop.h */,
				73CCB5382180768D00403BD3 /* CTMediator+Shop.m */,
			);
			path = Categoty;
			sourceTree = "<group>";
		};
/* End PBXGroup section */

/* Begin PBXNativeTarget section */
		73CCB51021805BE700403BD3 /* MGJRouter */ = {
			isa = PBXNativeTarget;
			buildConfigurationList = 73CCB52721805BE800403BD3 /* Build configuration list for PBXNativeTarget "MGJRouter" */;
			buildPhases = (
				73CCB50D21805BE700403BD3 /* Sources */,
				73CCB50E21805BE700403BD3 /* Frameworks */,
				73CCB50F21805BE700403BD3 /* Resources */,
			);
			buildRules = (
			);
			dependencies = (
			);
			name = MGJRouter;
			productName = MGJRouter;
			productReference = 73CCB51121805BE700403BD3 /* MGJRouter.app */;
			productType = "com.apple.product-type.application";
		};
/* End PBXNativeTarget section */

/* Begin PBXProject section */
		73CCB50921805BE700403BD3 /* Project object */ = {
			isa = PBXProject;
			attributes = {
				LastUpgradeCheck = 0940;
				ORGANIZATIONNAME = "韩志峰";
				TargetAttributes = {
					73CCB51021805BE700403BD3 = {
						CreatedOnToolsVersion = 9.4.1;
					};
				};
			};
			buildConfigurationList = 73CCB50C21805BE700403BD3 /* Build configuration list for PBXProject "MGJRouter" */;
			compatibilityVersion = "Xcode 9.3";
			developmentRegion = en;
			hasScannedForEncodings = 0;
			knownRegions = (
				en,
				Base,
			);
			mainGroup = 73CCB50821805BE700403BD3;
			productRefGroup = 73CCB51221805BE700403BD3 /* Products */;
			projectDirPath = "";
			projectRoot = "";
			targets = (
				73CCB51021805BE700403BD3 /* MGJRouter */,
			);
		};
/* End PBXProject section */

/* Begin PBXResourcesBuildPhase section */
		73CCB50F21805BE700403BD3 /* Resources */ = {
			isa = PBXResourcesBuildPhase;
			buildActionMask = 2147483647;
			files = (
				73CCB52121805BE800403BD3 /* LaunchScreen.storyboard in Resources */,
				73CCB51E21805BE800403BD3 /* Assets.xcassets in Resources */,
				73CCB51C21805BE700403BD3 /* Main.storyboard in Resources */,
			);
			runOnlyForDeploymentPostprocessing = 0;
		};
/* End PBXResourcesBuildPhase section */

/* Begin PBXSourcesBuildPhase section */
		73CCB50D21805BE700403BD3 /* Sources */ = {
			isa = PBXSourcesBuildPhase;
			buildActionMask = 2147483647;
			files = (
				73CCB51921805BE700403BD3 /* ViewController.m in Sources */,
				73CCB52421805BE800403BD3 /* main.m in Sources */,
				73CCB5392180768D00403BD3 /* CTMediator+Shop.m in Sources */,
				73CCB5362180758D00403BD3 /* TargetShop.m in Sources */,
				73CCB51621805BE700403BD3 /* AppDelegate.m in Sources */,
				73CCB5332180749900403BD3 /* ShopViewController.m in Sources */,
				73CCB52C21805C0F00403BD3 /* CTMediator.m in Sources */,
			);
			runOnlyForDeploymentPostprocessing = 0;
		};
/* End PBXSourcesBuildPhase section */

/* Begin PBXVariantGroup section */
		73CCB51A21805BE700403BD3 /* Main.storyboard */ = {
			isa = PBXVariantGroup;
			children = (
				73CCB51B21805BE700403BD3 /* Base */,
			);
			name = Main.storyboard;
			sourceTree = "<group>";
		};
		73CCB51F21805BE800403BD3 /* LaunchScreen.storyboard */ = {
			isa = PBXVariantGroup;
			children = (
				73CCB52021805BE800403BD3 /* Base */,
			);
			name = LaunchScreen.storyboard;
			sourceTree = "<group>";
		};
/* End PBXVariantGroup section */

/* Begin XCBuildConfiguration section */
		73CCB52521805BE800403BD3 /* Debug */ = {
			isa = XCBuildConfiguration;
			buildSettings = {
				ALWAYS_SEARCH_USER_PATHS = NO;
				CLANG_ANALYZER_NONNULL = YES;
				CLANG_ANALYZER_NUMBER_OBJECT_CONVERSION = YES_AGGRESSIVE;
				CLANG_CXX_LANGUAGE_STANDARD = "gnu++14";
				CLANG_CXX_LIBRARY = "libc++";
				CLANG_ENABLE_MODULES = YES;
				CLANG_ENABLE_OBJC_ARC = YES;
				CLANG_ENABLE_OBJC_WEAK = YES;
				CLANG_WARN_BLOCK_CAPTURE_AUTORELEASING = YES;
				CLANG_WARN_BOOL_CONVERSION = YES;
				CLANG_WARN_COMMA = YES;
				CLANG_WARN_CONSTANT_CONVERSION = YES;
				CLANG_WARN_DEPRECATED_OBJC_IMPLEMENTATIONS = YES;
				CLANG_WARN_DIRECT_OBJC_ISA_USAGE = YES_ERROR;
				CLANG_WARN_DOCUMENTATION_COMMENTS = YES;
				CLANG_WARN_EMPTY_BODY = YES;
				CLANG_WARN_ENUM_CONVERSION = YES;
				CLANG_WARN_INFINITE_RECURSION = YES;
				CLANG_WARN_INT_CONVERSION = YES;
				CLANG_WARN_NON_LITERAL_NULL_CONVERSION = YES;
				CLANG_WARN_OBJC_IMPLICIT_RETAIN_SELF = YES;
				CLANG_WARN_OBJC_LITERAL_CONVERSION = YES;
				CLANG_WARN_OBJC_ROOT_CLASS = YES_ERROR;
				CLANG_WARN_RANGE_LOOP_ANALYSIS = YES;
				CLANG_WARN_STRICT_PROTOTYPES = YES;
				CLANG_WARN_SUSPICIOUS_MOVE = YES;
				CLANG_WARN_UNGUARDED_AVAILABILITY = YES_AGGRESSIVE;
				CLANG_WARN_UNREACHABLE_CODE = YES;
				CLANG_WARN__DUPLICATE_METHOD_MATCH = YES;
				CODE_SIGN_IDENTITY = "iPhone Developer";
				COPY_PHASE_STRIP = NO;
				DEBUG_INFORMATION_FORMAT = dwarf;
				ENABLE_STRICT_OBJC_MSGSEND = YES;
				ENABLE_TESTABILITY = YES;
				GCC_C_LANGUAGE_STANDARD = gnu11;
				GCC_DYNAMIC_NO_PIC = NO;
				GCC_NO_COMMON_BLOCKS = YES;
				GCC_OPTIMIZATION_LEVEL = 0;
				GCC_PREPROCESSOR_DEFINITIONS = (
					"DEBUG=1",
					"$(inherited)",
				);
				GCC_WARN_64_TO_32_BIT_CONVERSION = YES;
				GCC_WARN_ABOUT_RETURN_TYPE = YES_ERROR;
				GCC_WARN_UNDECLARED_SELECTOR = YES;
				GCC_WARN_UNINITIALIZED_AUTOS = YES_AGGRESSIVE;
				GCC_WARN_UNUSED_FUNCTION = YES;
				GCC_WARN_UNUSED_VARIABLE = YES;
				IPHONEOS_DEPLOYMENT_TARGET = 11.4;
				MTL_ENABLE_DEBUG_INFO = YES;
				ONLY_ACTIVE_ARCH = YES;
				SDKROOT = iphoneos;
			};
			name = Debug;
		};
		73CCB52621805BE800403BD3 /* Release */ = {
			isa = XCBuildConfiguration;
			buildSettings = {
				ALWAYS_SEARCH_USER_PATHS = NO;
				CLANG_ANALYZER_NONNULL = YES;
				CLANG_ANALYZER_NUMBER_OBJECT_CONVERSION = YES_AGGRESSIVE;
				CLANG_CXX_LANGUAGE_STANDARD = "gnu++14";
				CLANG_CXX_LIBRARY = "libc++";
				CLANG_ENABLE_MODULES = YES;
				CLANG_ENABLE_OBJC_ARC = YES;
				CLANG_ENABLE_OBJC_WEAK = YES;
				CLANG_WARN_BLOCK_CAPTURE_AUTORELEASING = YES;
				CLANG_WARN_BOOL_CONVERSION = YES;
				CLANG_WARN_COMMA = YES;
				CLANG_WARN_CONSTANT_CONVERSION = YES;
				CLANG_WARN_DEPRECATED_OBJC_IMPLEMENTATIONS = YES;
				CLANG_WARN_DIRECT_OBJC_ISA_USAGE = YES_ERROR;
				CLANG_WARN_DOCUMENTATION_COMMENTS = YES;
				CLANG_WARN_EMPTY_BODY = YES;
				CLANG_WARN_ENUM_CONVERSION = YES;
				CLANG_WARN_INFINITE_RECURSION = YES;
				CLANG_WARN_INT_CONVERSION = YES;
				CLANG_WARN_NON_LITERAL_NULL_CONVERSION = YES;
				CLANG_WARN_OBJC_IMPLICIT_RETAIN_SELF = YES;
				CLANG_WARN_OBJC_LITERAL_CONVERSION = YES;
				CLANG_WARN_OBJC_ROOT_CLASS = YES_ERROR;
				CLANG_WARN_RANGE_LOOP_ANALYSIS = YES;
				CLANG_WARN_STRICT_PROTOTYPES = YES;
				CLANG_WARN_SUSPICIOUS_MOVE = YES;
				CLANG_WARN_UNGUARDED_AVAILABILITY = YES_AGGRESSIVE;
				CLANG_WARN_UNREACHABLE_CODE = YES;
				CLANG_WARN__DUPLICATE_METHOD_MATCH = YES;
				CODE_SIGN_IDENTITY = "iPhone Developer";
				COPY_PHASE_STRIP = NO;
				DEBUG_INFORMATION_FORMAT = "dwarf-with-dsym";
				ENABLE_NS_ASSERTIONS = NO;
				ENABLE_STRICT_OBJC_MSGSEND = YES;
				GCC_C_LANGUAGE_STANDARD = gnu11;
				GCC_NO_COMMON_BLOCKS = YES;
				GCC_WARN_64_TO_32_BIT_CONVERSION = YES;
				GCC_WARN_ABOUT_RETURN_TYPE = YES_ERROR;
				GCC_WARN_UNDECLARED_SELECTOR = YES;
				GCC_WARN_UNINITIALIZED_AUTOS = YES_AGGRESSIVE;
				GCC_WARN_UNUSED_FUNCTION = YES;
				GCC_WARN_UNUSED_VARIABLE = YES;
				IPHONEOS_DEPLOYMENT_TARGET = 11.4;
				MTL_ENABLE_DEBUG_INFO = NO;
				SDKROOT = iphoneos;
				VALIDATE_PRODUCT = YES;
			};
			name = Release;
		};
		73CCB52821805BE800403BD3 /* Debug */ = {
			isa = XCBuildConfiguration;
			buildSettings = {
				ASSETCATALOG_COMPILER_APPICON_NAME = AppIcon;
				CODE_SIGN_STYLE = Automatic;
				DEVELOPMENT_TEAM = VMTN98C772;
				INFOPLIST_FILE = MGJRouter/Info.plist;
				LD_RUNPATH_SEARCH_PATHS = (
					"$(inherited)",
					"@executable_path/Frameworks",
				);
				PRODUCT_BUNDLE_IDENTIFIER = HZ.MGJRouter;
				PRODUCT_NAME = "$(TARGET_NAME)";
				TARGETED_DEVICE_FAMILY = "1,2";
			};
			name = Debug;
		};
		73CCB52921805BE800403BD3 /* Release */ = {
			isa = XCBuildConfiguration;
			buildSettings = {
				ASSETCATALOG_COMPILER_APPICON_NAME = AppIcon;
				CODE_SIGN_STYLE = Automatic;
				DEVELOPMENT_TEAM = VMTN98C772;
				INFOPLIST_FILE = MGJRouter/Info.plist;
				LD_RUNPATH_SEARCH_PATHS = (
					"$(inherited)",
					"@executable_path/Frameworks",
				);
				PRODUCT_BUNDLE_IDENTIFIER = HZ.MGJRouter;
				PRODUCT_NAME = "$(TARGET_NAME)";
				TARGETED_DEVICE_FAMILY = "1,2";
			};
			name = Release;
		};
/* End XCBuildConfiguration section */

/* Begin XCConfigurationList section */
		73CCB50C21805BE700403BD3 /* Build configuration list for PBXProject "MGJRouter" */ = {
			isa = XCConfigurationList;
			buildConfigurations = (
				73CCB52521805BE800403BD3 /* Debug */,
				73CCB52621805BE800403BD3 /* Release */,
			);
			defaultConfigurationIsVisible = 0;
			defaultConfigurationName = Release;
		};
		73CCB52721805BE800403BD3 /* Build configuration list for PBXNativeTarget "MGJRouter" */ = {
			isa = XCConfigurationList;
			buildConfigurations = (
				73CCB52821805BE800403BD3 /* Debug */,
				73CCB52921805BE800403BD3 /* Release */,
			);
			defaultConfigurationIsVisible = 0;
			defaultConfigurationName = Release;
		};
/* End XCConfigurationList section */
	};
	rootObject = 73CCB50921805BE700403BD3 /* Project object */;
}
